// !$*UTF8*$!
{
	archiveVersion = 1;
	classes = {
	};
	objectVersion = 50;
	objects = {

/* Begin PBXBuildFile section */
		A15F49FF2461210E00E71B57 /* AppDelegate.swift in Sources */ = {isa = PBXBuildFile; fileRef = A15F49FE2461210E00E71B57 /* AppDelegate.swift */; };
		A15F4A012461210E00E71B57 /* SceneDelegate.swift in Sources */ = {isa = PBXBuildFile; fileRef = A15F4A002461210E00E71B57 /* SceneDelegate.swift */; };
		A15F4A032461210E00E71B57 /* ContentView.swift in Sources */ = {isa = PBXBuildFile; fileRef = A15F4A022461210E00E71B57 /* ContentView.swift */; };
		A15F4A052461211000E71B57 /* Assets.xcassets in Resources */ = {isa = PBXBuildFile; fileRef = A15F4A042461211000E71B57 /* Assets.xcassets */; };
		A15F4A082461211000E71B57 /* Preview Assets.xcassets in Resources */ = {isa = PBXBuildFile; fileRef = A15F4A072461211000E71B57 /* Preview Assets.xcassets */; };
		A15F4A0B2461211000E71B57 /* LaunchScreen.storyboard in Resources */ = {isa = PBXBuildFile; fileRef = A15F4A092461211000E71B57 /* LaunchScreen.storyboard */; };
/* End PBXBuildFile section */

/* Begin PBXFileReference section */
		A15F49FB2461210E00E71B57 /* NGSwiftUIUserDefaultsEditorExample.app */ = {isa = PBXFileReference; explicitFileType = wrapper.application; includeInIndex = 0; path = NGSwiftUIUserDefaultsEditorExample.app; sourceTree = BUILT_PRODUCTS_DIR; };
		A15F49FE2461210E00E71B57 /* AppDelegate.swift */ = {isa = PBXFileReference; lastKnownFileType = sourcecode.swift; path = AppDelegate.swift; sourceTree = "<group>"; };
		A15F4A002461210E00E71B57 /* SceneDelegate.swift */ = {isa = PBXFileReference; lastKnownFileType = sourcecode.swift; path = SceneDelegate.swift; sourceTree = "<group>"; };
		A15F4A022461210E00E71B57 /* ContentView.swift */ = {isa = PBXFileReference; lastKnownFileType = sourcecode.swift; path = ContentView.swift; sourceTree = "<group>"; };
		A15F4A042461211000E71B57 /* Assets.xcassets */ = {isa = PBXFileReference; lastKnownFileType = folder.assetcatalog; path = Assets.xcassets; sourceTree = "<group>"; };
		A15F4A072461211000E71B57 /* Preview Assets.xcassets */ = {isa = PBXFileReference; lastKnownFileType = folder.assetcatalog; path = "Preview Assets.xcassets"; sourceTree = "<group>"; };
		A15F4A0A2461211000E71B57 /* Base */ = {isa = PBXFileReference; lastKnownFileType = file.storyboard; name = Base; path = Base.lproj/LaunchScreen.storyboard; sourceTree = "<group>"; };
		A15F4A0C2461211000E71B57 /* Info.plist */ = {isa = PBXFileReference; lastKnownFileType = text.plist.xml; path = Info.plist; sourceTree = "<group>"; };
/* End PBXFileReference section */

/* Begin PBXFrameworksBuildPhase section */
		A15F49F82461210E00E71B57 /* Frameworks */ = {
			isa = PBXFrameworksBuildPhase;
			buildActionMask = 2147483647;
			files = (
			);
			runOnlyForDeploymentPostprocessing = 0;
		};
/* End PBXFrameworksBuildPhase section */

/* Begin PBXGroup section */
		A15F49F22461210E00E71B57 = {
			isa = PBXGroup;
			children = (
				A15F49FD2461210E00E71B57 /* NGSwiftUIUserDefaultsEditorExample */,
				A15F49FC2461210E00E71B57 /* Products */,
			);
			sourceTree = "<group>";
		};
		A15F49FC2461210E00E71B57 /* Products */ = {
			isa = PBXGroup;
			children = (
				A15F49FB2461210E00E71B57 /* NGSwiftUIUserDefaultsEditorExample.app */,
			);
			name = Products;
			sourceTree = "<group>";
		};
		A15F49FD2461210E00E71B57 /* NGSwiftUIUserDefaultsEditorExample */ = {
			isa = PBXGroup;
			children = (
				A15F49FE2461210E00E71B57 /* AppDelegate.swift */,
				A15F4A002461210E00E71B57 /* SceneDelegate.swift */,
				A15F4A022461210E00E71B57 /* ContentView.swift */,
				A15F4A042461211000E71B57 /* Assets.xcassets */,
				A15F4A092461211000E71B57 /* LaunchScreen.storyboard */,
				A15F4A0C2461211000E71B57 /* Info.plist */,
				A15F4A062461211000E71B57 /* Preview Content */,
			);
			path = NGSwiftUIUserDefaultsEditorExample;
			sourceTree = "<group>";
		};
		A15F4A062461211000E71B57 /* Preview Content */ = {
			isa = PBXGroup;
			children = (
				A15F4A072461211000E71B57 /* Preview Assets.xcassets */,
			);
			path = "Preview Content";
			sourceTree = "<group>";
		};
/* End PBXGroup section */

/* Begin PBXNativeTarget section */
		A15F49FA2461210E00E71B57 /* NGSwiftUIUserDefaultsEditorExample */ = {
			isa = PBXNativeTarget;
			buildConfigurationList = A15F4A0F2461211000E71B57 /* Build configuration list for PBXNativeTarget "NGSwiftUIUserDefaultsEditorExample" */;
			buildPhases = (
				A15F49F72461210E00E71B57 /* Sources */,
				A15F49F82461210E00E71B57 /* Frameworks */,
				A15F49F92461210E00E71B57 /* Resources */,
			);
			buildRules = (
			);
			dependencies = (
			);
			name = NGSwiftUIUserDefaultsEditorExample;
			productName = NGSwiftUIUserDefaultsEditorExample;
			productReference = A15F49FB2461210E00E71B57 /* NGSwiftUIUserDefaultsEditorExample.app */;
			productType = "com.apple.product-type.application";
		};
/* End PBXNativeTarget section */

/* Begin PBXProject section */
		A15F49F32461210E00E71B57 /* Project object */ = {
			isa = PBXProject;
			attributes = {
				LastSwiftUpdateCheck = 1140;
				LastUpgradeCheck = 1140;
				ORGANIZATIONNAME = "Noah Gilmore";
				TargetAttributes = {
					A15F49FA2461210E00E71B57 = {
						CreatedOnToolsVersion = 11.4;
					};
				};
			};
			buildConfigurationList = A15F49F62461210E00E71B57 /* Build configuration list for PBXProject "NGSwiftUIUserDefaultsEditorExample" */;
			compatibilityVersion = "Xcode 9.3";
			developmentRegion = en;
			hasScannedForEncodings = 0;
			knownRegions = (
				en,
				Base,
			);
			mainGroup = A15F49F22461210E00E71B57;
			productRefGroup = A15F49FC2461210E00E71B57 /* Products */;
			projectDirPath = "";
			projectRoot = "";
			targets = (
				A15F49FA2461210E00E71B57 /* NGSwiftUIUserDefaultsEditorExample */,
			);
		};
/* End PBXProject section */

/* Begin PBXResourcesBuildPhase section */
		A15F49F92461210E00E71B57 /* Resources */ = {
			isa = PBXResourcesBuildPhase;
			buildActionMask = 2147483647;
			files = (
				A15F4A0B2461211000E71B57 /* LaunchScreen.storyboard in Resources */,
				A15F4A082461211000E71B57 /* Preview Assets.xcassets in Resources */,
				A15F4A052461211000E71B57 /* Assets.xcassets in Resources */,
			);
			runOnlyForDeploymentPostprocessing = 0;
		};
/* End PBXResourcesBuildPhase section */

/* Begin PBXSourcesBuildPhase section */
		A15F49F72461210E00E71B57 /* Sources */ = {
			isa = PBXSourcesBuildPhase;
			buildActionMask = 2147483647;
			files = (
				A15F49FF2461210E00E71B57 /* AppDelegate.swift in Sources */,
				A15F4A012461210E00E71B57 /* SceneDelegate.swift in Sources */,
				A15F4A032461210E00E71B57 /* ContentView.swift in Sources */,
			);
			runOnlyForDeploymentPostprocessing = 0;
		};
/* End PBXSourcesBuildPhase section */

/* Begin PBXVariantGroup section */
		A15F4A092461211000E71B57 /* LaunchScreen.storyboard */ = {
			isa = PBXVariantGroup;
			children = (
				A15F4A0A2461211000E71B57 /* Base */,
			);
			name = LaunchScreen.storyboard;
			sourceTree = "<group>";
		};
/* End PBXVariantGroup section */

/* Begin XCBuildConfiguration section */
		A15F4A0D2461211000E71B57 /* Debug */ = {
			isa = XCBuildConfiguration;
			buildSettings = {
				ALWAYS_SEARCH_USER_PATHS = NO;
				CLANG_ANALYZER_NONNULL = YES;
				CLANG_ANALYZER_NUMBER_OBJECT_CONVERSION = YES_AGGRESSIVE;
				CLANG_CXX_LANGUAGE_STANDARD = "gnu++14";
				CLANG_CXX_LIBRARY = "libc++";
				CLANG_ENABLE_MODULES = YES;
				CLANG_ENABLE_OBJC_ARC = YES;
				CLANG_ENABLE_OBJC_WEAK = YES;
				CLANG_WARN_BLOCK_CAPTURE_AUTORELEASING = YES;
				CLANG_WARN_BOOL_CONVERSION = YES;
				CLANG_WARN_COMMA = YES;
				CLANG_WARN_CONSTANT_CONVERSION = YES;
				CLANG_WARN_DEPRECATED_OBJC_IMPLEMENTATIONS = YES;
				CLANG_WARN_DIRECT_OBJC_ISA_USAGE = YES_ERROR;
				CLANG_WARN_DOCUMENTATION_COMMENTS = YES;
				CLANG_WARN_EMPTY_BODY = YES;
				CLANG_WARN_ENUM_CONVERSION = YES;
				CLANG_WARN_INFINITE_RECURSION = YES;
				CLANG_WARN_INT_CONVERSION = YES;
				CLANG_WARN_NON_LITERAL_NULL_CONVERSION = YES;
				CLANG_WARN_OBJC_IMPLICIT_RETAIN_SELF = YES;
				CLANG_WARN_OBJC_LITERAL_CONVERSION = YES;
				CLANG_WARN_OBJC_ROOT_CLASS = YES_ERROR;
				CLANG_WARN_RANGE_LOOP_ANALYSIS = YES;
				CLANG_WARN_STRICT_PROTOTYPES = YES;
				CLANG_WARN_SUSPICIOUS_MOVE = YES;
				CLANG_WARN_UNGUARDED_AVAILABILITY = YES_AGGRESSIVE;
				CLANG_WARN_UNREACHABLE_CODE = YES;
				CLANG_WARN__DUPLICATE_METHOD_MATCH = YES;
				COPY_PHASE_STRIP = NO;
				DEBUG_INFORMATION_FORMAT = dwarf;
				ENABLE_STRICT_OBJC_MSGSEND = YES;
				ENABLE_TESTABILITY = YES;
				GCC_C_LANGUAGE_STANDARD = gnu11;
				GCC_DYNAMIC_NO_PIC = NO;
				GCC_NO_COMMON_BLOCKS = YES;
				GCC_OPTIMIZATION_LEVEL = 0;
				GCC_PREPROCESSOR_DEFINITIONS = (
					"DEBUG=1",
					"$(inherited)",
				);
				GCC_WARN_64_TO_32_BIT_CONVERSION = YES;
				GCC_WARN_ABOUT_RETURN_TYPE = YES_ERROR;
				GCC_WARN_UNDECLARED_SELECTOR = YES;
				GCC_WARN_UNINITIALIZED_AUTOS = YES_AGGRESSIVE;
				GCC_WARN_UNUSED_FUNCTION = YES;
				GCC_WARN_UNUSED_VARIABLE = YES;
				IPHONEOS_DEPLOYMENT_TARGET = 13.4;
				MTL_ENABLE_DEBUG_INFO = INCLUDE_SOURCE;
				MTL_FAST_MATH = YES;
				ONLY_ACTIVE_ARCH = YES;
				SDKROOT = iphoneos;
				SWIFT_ACTIVE_COMPILATION_CONDITIONS = DEBUG;
				SWIFT_OPTIMIZATION_LEVEL = "-Onone";
			};
			name = Debug;
		};
		A15F4A0E2461211000E71B57 /* Release */ = {
			isa = XCBuildConfiguration;
			buildSettings = {
				ALWAYS_SEARCH_USER_PATHS = NO;
				CLANG_ANALYZER_NONNULL = YES;
				CLANG_ANALYZER_NUMBER_OBJECT_CONVERSION = YES_AGGRESSIVE;
				CLANG_CXX_LANGUAGE_STANDARD = "gnu++14";
				CLANG_CXX_LIBRARY = "libc++";
				CLANG_ENABLE_MODULES = YES;
				CLANG_ENABLE_OBJC_ARC = YES;
				CLANG_ENABLE_OBJC_WEAK = YES;
				CLANG_WARN_BLOCK_CAPTURE_AUTORELEASING = YES;
				CLANG_WARN_BOOL_CONVERSION = YES;
				CLANG_WARN_COMMA = YES;
				CLANG_WARN_CONSTANT_CONVERSION = YES;
				CLANG_WARN_DEPRECATED_OBJC_IMPLEMENTATIONS = YES;
				CLANG_WARN_DIRECT_OBJC_ISA_USAGE = YES_ERROR;
				CLANG_WARN_DOCUMENTATION_COMMENTS = YES;
				CLANG_WARN_EMPTY_BODY = YES;
				CLANG_WARN_ENUM_CONVERSION = YES;
				CLANG_WARN_INFINITE_RECURSION = YES;
				CLANG_WARN_INT_CONVERSION = YES;
				CLANG_WARN_NON_LITERAL_NULL_CONVERSION = YES;
				CLANG_WARN_OBJC_IMPLICIT_RETAIN_SELF = YES;
				CLANG_WARN_OBJC_LITERAL_CONVERSION = YES;
				CLANG_WARN_OBJC_ROOT_CLASS = YES_ERROR;
				CLANG_WARN_RANGE_LOOP_ANALYSIS = YES;
				CLANG_WARN_STRICT_PROTOTYPES = YES;
				CLANG_WARN_SUSPICIOUS_MOVE = YES;
				CLANG_WARN_UNGUARDED_AVAILABILITY = YES_AGGRESSIVE;
				CLANG_WARN_UNREACHABLE_CODE = YES;
				CLANG_WARN__DUPLICATE_METHOD_MATCH = YES;
				COPY_PHASE_STRIP = NO;
				DEBUG_INFORMATION_FORMAT = "dwarf-with-dsym";
				ENABLE_NS_ASSERTIONS = NO;
				ENABLE_STRICT_OBJC_MSGSEND = YES;
				GCC_C_LANGUAGE_STANDARD = gnu11;
				GCC_NO_COMMON_BLOCKS = YES;
				GCC_WARN_64_TO_32_BIT_CONVERSION = YES;
				GCC_WARN_ABOUT_RETURN_TYPE = YES_ERROR;
				GCC_WARN_UNDECLARED_SELECTOR = YES;
				GCC_WARN_UNINITIALIZED_AUTOS = YES_AGGRESSIVE;
				GCC_WARN_UNUSED_FUNCTION = YES;
				GCC_WARN_UNUSED_VARIABLE = YES;
				IPHONEOS_DEPLOYMENT_TARGET = 13.4;
				MTL_ENABLE_DEBUG_INFO = NO;
				MTL_FAST_MATH = YES;
				SDKROOT = iphoneos;
				SWIFT_COMPILATION_MODE = wholemodule;
				SWIFT_OPTIMIZATION_LEVEL = "-O";
				VALIDATE_PRODUCT = YES;
			};
			name = Release;
		};
		A15F4A102461211000E71B57 /* Debug */ = {
			isa = XCBuildConfiguration;
			buildSettings = {
				ASSETCATALOG_COMPILER_APPICON_NAME = AppIcon;
				CODE_SIGN_STYLE = Automatic;
				DEVELOPMENT_ASSET_PATHS = "\"NGSwiftUIUserDefaultsEditorExample/Preview Content\"";
				DEVELOPMENT_TEAM = 29P3YRFLV5;
				ENABLE_PREVIEWS = YES;
				INFOPLIST_FILE = NGSwiftUIUserDefaultsEditorExample/Info.plist;
				LD_RUNPATH_SEARCH_PATHS = (
					"$(inherited)",
					"@executable_path/Frameworks",
				);
				PRODUCT_BUNDLE_IDENTIFIER = com.noahgilmore.NGSwiftUIUserDefaultsEditorExample;
				PRODUCT_NAME = "$(TARGET_NAME)";
				SWIFT_VERSION = 5.0;
				TARGETED_DEVICE_FAMILY = "1,2";
			};
			name = Debug;
		};
		A15F4A112461211000E71B57 /* Release */ = {
			isa = XCBuildConfiguration;
			buildSettings = {
				ASSETCATALOG_COMPILER_APPICON_NAME = AppIcon;
				CODE_SIGN_STYLE = Automatic;
				DEVELOPMENT_ASSET_PATHS = "\"NGSwiftUIUserDefaultsEditorExample/Preview Content\"";
				DEVELOPMENT_TEAM = 29P3YRFLV5;
				ENABLE_PREVIEWS = YES;
				INFOPLIST_FILE = NGSwiftUIUserDefaultsEditorExample/Info.plist;
				LD_RUNPATH_SEARCH_PATHS = (
					"$(inherited)",
					"@executable_path/Frameworks",
				);
				PRODUCT_BUNDLE_IDENTIFIER = com.noahgilmore.NGSwiftUIUserDefaultsEditorExample;
				PRODUCT_NAME = "$(TARGET_NAME)";
				SWIFT_VERSION = 5.0;
				TARGETED_DEVICE_FAMILY = "1,2";
			};
			name = Release;
		};
/* End XCBuildConfiguration section */

/* Begin XCConfigurationList section */
		A15F49F62461210E00E71B57 /* Build configuration list for PBXProject "NGSwiftUIUserDefaultsEditorExample" */ = {
			isa = XCConfigurationList;
			buildConfigurations = (
				A15F4A0D2461211000E71B57 /* Debug */,
				A15F4A0E2461211000E71B57 /* Release */,
			);
			defaultConfigurationIsVisible = 0;
			defaultConfigurationName = Release;
		};
		A15F4A0F2461211000E71B57 /* Build configuration list for PBXNativeTarget "NGSwiftUIUserDefaultsEditorExample" */ = {
			isa = XCConfigurationList;
			buildConfigurations = (
				A15F4A102461211000E71B57 /* Debug */,
				A15F4A112461211000E71B57 /* Release */,
			);
			defaultConfigurationIsVisible = 0;
			defaultConfigurationName = Release;
		};
/* End XCConfigurationList section */
	};
	rootObject = A15F49F32461210E00E71B57 /* Project object */;
}
